
Microsoft Visual Studio Solution File, Format Version 12.00
# Visual Studio Version 16
VisualStudioVersion = 16.0.36631.11
MinimumVisualStudioVersion = 10.0.40219.1
Project("{FAE04EC0-301F-11D3-BF4B-00C04F79EFBC}") = "Calibration", "source\Calibration.csproj", "{0A07ED64-C054-4744-BABB-BE18FB8443C9}"
EndProject
Project("{FAE04EC0-301F-11D3-BF4B-00C04F79EFBC}") = "MicrocontrollerSimulation", "MicrocontrollerSimulation\MicrocontrollerSimulation.csproj", "{2738B0B4-78B4-4259-A5ED-25A001F6E6ED}"
EndProject
Global
	GlobalSection(SolutionConfigurationPlatforms) = preSolution
		Debug|Any CPU = Debug|Any CPU
		Debug|ARM = Debug|ARM
		Debug|ARM64 = Debug|ARM64
		Debug|x64 = Debug|x64
		Debug|x86 = Debug|x86
		Release|Any CPU = Release|Any CPU
		Release|ARM = Release|ARM
		Release|ARM64 = Release|ARM64
		Release|x64 = Release|x64
		Release|x86 = Release|x86
	EndGlobalSection
	GlobalSection(ProjectConfigurationPlatforms) = postSolution
		{0A07ED64-C054-4744-BABB-BE18FB8443C9}.Debug|Any CPU.ActiveCfg = Debug|Any CPU
		{0A07ED64-C054-4744-BABB-BE18FB8443C9}.Debug|Any CPU.Build.0 = Debug|Any CPU
		{0A07ED64-C054-4744-BABB-BE18FB8443C9}.Debug|ARM.ActiveCfg = Debug|Any CPU
		{0A07ED64-C054-4744-BABB-BE18FB8443C9}.Debug|ARM.Build.0 = Debug|Any CPU
		{0A07ED64-C054-4744-BABB-BE18FB8443C9}.Debug|ARM64.ActiveCfg = Debug|Any CPU
		{0A07ED64-C054-4744-BABB-BE18FB8443C9}.Debug|ARM64.Build.0 = Debug|Any CPU
		{0A07ED64-C054-4744-BABB-BE18FB8443C9}.Debug|x64.ActiveCfg = Debug|Any CPU
		{0A07ED64-C054-4744-BABB-BE18FB8443C9}.Debug|x64.Build.0 = Debug|Any CPU
		{0A07ED64-C054-4744-BABB-BE18FB8443C9}.Debug|x86.ActiveCfg = Debug|Any CPU
		{0A07ED64-C054-4744-BABB-BE18FB8443C9}.Debug|x86.Build.0 = Debug|Any CPU
		{0A07ED64-C054-4744-BABB-BE18FB8443C9}.Release|Any CPU.ActiveCfg = Release|Any CPU
		{0A07ED64-C054-4744-BABB-BE18FB8443C9}.Release|Any CPU.Build.0 = Release|Any CPU
		{0A07ED64-C054-4744-BABB-BE18FB8443C9}.Release|ARM.ActiveCfg = Release|Any CPU
		{0A07ED64-C054-4744-BABB-BE18FB8443C9}.Release|ARM.Build.0 = Release|Any CPU
		{0A07ED64-C054-4744-BABB-BE18FB8443C9}.Release|ARM64.ActiveCfg = Release|Any CPU
		{0A07ED64-C054-4744-BABB-BE18FB8443C9}.Release|ARM64.Build.0 = Release|Any CPU
		{0A07ED64-C054-4744-BABB-BE18FB8443C9}.Release|x64.ActiveCfg = Release|Any CPU
		{0A07ED64-C054-4744-BABB-BE18FB8443C9}.Release|x64.Build.0 = Release|Any CPU
		{0A07ED64-C054-4744-BABB-BE18FB8443C9}.Release|x86.ActiveCfg = Release|Any CPU
		{0A07ED64-C054-4744-BABB-BE18FB8443C9}.Release|x86.Build.0 = Release|Any CPU
		{2738B0B4-78B4-4259-A5ED-25A001F6E6ED}.Debug|Any CPU.ActiveCfg = Debug|Any CPU
		{2738B0B4-78B4-4259-A5ED-25A001F6E6ED}.Debug|Any CPU.Build.0 = Debug|Any CPU
		{2738B0B4-78B4-4259-A5ED-25A001F6E6ED}.Debug|ARM.ActiveCfg = Debug|Any CPU
		{2738B0B4-78B4-4259-A5ED-25A001F6E6ED}.Debug|ARM.Build.0 = Debug|Any CPU
		{2738B0B4-78B4-4259-A5ED-25A001F6E6ED}.Debug|ARM64.ActiveCfg = Debug|Any CPU
		{2738B0B4-78B4-4259-A5ED-25A001F6E6ED}.Debug|ARM64.Build.0 = Debug|Any CPU
		{2738B0B4-78B4-4259-A5ED-25A001F6E6ED}.Debug|x64.ActiveCfg = Debug|Any CPU
		{2738B0B4-78B4-4259-A5ED-25A001F6E6ED}.Debug|x64.Build.0 = Debug|Any CPU
		{2738B0B4-78B4-4259-A5ED-25A001F6E6ED}.Debug|x86.ActiveCfg = Debug|Any CPU
		{2738B0B4-78B4-4259-A5ED-25A001F6E6ED}.Debug|x86.Build.0 = Debug|Any CPU
		{2738B0B4-78B4-4259-A5ED-25A001F6E6ED}.Release|Any CPU.ActiveCfg = Release|Any CPU
		{2738B0B4-78B4-4259-A5ED-25A001F6E6ED}.Release|Any CPU.Build.0 = Release|Any CPU
		{2738B0B4-78B4-4259-A5ED-25A001F6E6ED}.Release|ARM.ActiveCfg = Release|Any CPU
		{2738B0B4-78B4-4259-A5ED-25A001F6E6ED}.Release|ARM.Build.0 = Release|Any CPU
		{2738B0B4-78B4-4259-A5ED-25A001F6E6ED}.Release|ARM64.ActiveCfg = Release|Any CPU
		{2738B0B4-78B4-4259-A5ED-25A001F6E6ED}.Release|ARM64.Build.0 = Release|Any CPU
		{2738B0B4-78B4-4259-A5ED-25A001F6E6ED}.Release|x64.ActiveCfg = Release|Any CPU
		{2738B0B4-78B4-4259-A5ED-25A001F6E6ED}.Release|x64.Build.0 = Release|Any CPU
		{2738B0B4-78B4-4259-A5ED-25A001F6E6ED}.Release|x86.ActiveCfg = Release|Any CPU
		{2738B0B4-78B4-4259-A5ED-25A001F6E6ED}.Release|x86.Build.0 = Release|Any CPU
	EndGlobalSection
	GlobalSection(SolutionProperties) = preSolution
		HideSolutionNode = FALSE
	EndGlobalSection
	GlobalSection(ExtensibilityGlobals) = postSolution
		SolutionGuid = {727B299E-BD75-43A0-8C50-175F8F7EAF21}
	EndGlobalSection
EndGlobal
